github.com/dnoegel/rasterklang-cli v0.0.0-20260627144446-4be53918e18b h1:WP9tikHS7dtQ3Xs9ayrswf0MrTrs0lLAPONewqULZ7I=
github.com/dnoegel/rasterklang-cli v0.0.0-20260627144446-4be53918e18b/go.mod h1:ueN+6iLgMJ+BV4CqeYyZ6w+TQZGxoBa3JWAAlxKbi30=
github.com/dnoegel/rasterklang-cli v0.0.0-20260705163347-9145b065eeb4 h1:zhyz4vO2QzURYLw5J3PyQtQ1Re4fvb436jarlECC+pI=
github.com/dnoegel/rasterklang-cli v0.0.0-20260705163347-9145b065eeb4/go.mod h1:ueN+6iLgMJ+BV4CqeYyZ6w+TQZGxoBa3JWAAlxKbi30=
